
Microsoft Visual Studio Solution File, Format Version 12.00
# Visual Studio 2013
VisualStudioVersion = 12.0.31101.0
MinimumVisualStudioVersion = 10.0.40219.1
Project("{FAE04EC0-301F-11D3-BF4B-00C04F79EFBC}") = "DotCraftCore", "DotCraftCore\DotCraftCore.csproj", "{C63EDCA7-B43F-417A-89C7-40AE77480AC5}"
EndProject
Project("{FAE04EC0-301F-11D3-BF4B-00C04F79EFBC}") = "DotCraftClient", "DotCraftClient\DotCraftClient.csproj", "{154C99AA-D91D-4760-B751-C19FCE67D171}"
	ProjectSection(ProjectDependencies) = postProject
		{C63EDCA7-B43F-417A-89C7-40AE77480AC5} = {C63EDCA7-B43F-417A-89C7-40AE77480AC5}
	EndProjectSection
EndProject
Project("{FAE04EC0-301F-11D3-BF4B-00C04F79EFBC}") = "DotCraftServer", "DotCraftServer\DotCraftServer.csproj", "{D7F92B45-8358-4C24-9A26-F590DDCBC81F}"
	ProjectSection(ProjectDependencies) = postProject
		{C63EDCA7-B43F-417A-89C7-40AE77480AC5} = {C63EDCA7-B43F-417A-89C7-40AE77480AC5}
	EndProjectSection
EndProject
Project("{FAE04EC0-301F-11D3-BF4B-00C04F79EFBC}") = "Authlib", "Authlib\Authlib.csproj", "{331A72FD-3FA7-40AA-9A42-C10F823E5464}"
EndProject
Project("{FAE04EC0-301F-11D3-BF4B-00C04F79EFBC}") = "Tests", "Tests\Tests.csproj", "{022EFF1E-AD8B-42FD-BC50-CE0D50EEAAC8}"
EndProject
Project("{FAE04EC0-301F-11D3-BF4B-00C04F79EFBC}") = "DotCraftUtil", "DotCraftUtil\DotCraftUtil.csproj", "{FF49F6C4-ECCA-49C4-BA65-73FC24224EAF}"
EndProject
Project("{FAE04EC0-301F-11D3-BF4B-00C04F79EFBC}") = "TestingGrounds", "TestingGrounds\TestingGrounds.csproj", "{BD76C806-77C3-47E4-91C2-EBA8887F7DE2}"
EndProject
Global
	GlobalSection(SolutionConfigurationPlatforms) = preSolution
		Debug|Any CPU = Debug|Any CPU
		Release|Any CPU = Release|Any CPU
	EndGlobalSection
	GlobalSection(ProjectConfigurationPlatforms) = postSolution
		{C63EDCA7-B43F-417A-89C7-40AE77480AC5}.Debug|Any CPU.ActiveCfg = Debug|Any CPU
		{C63EDCA7-B43F-417A-89C7-40AE77480AC5}.Debug|Any CPU.Build.0 = Debug|Any CPU
		{C63EDCA7-B43F-417A-89C7-40AE77480AC5}.Release|Any CPU.ActiveCfg = Release|Any CPU
		{C63EDCA7-B43F-417A-89C7-40AE77480AC5}.Release|Any CPU.Build.0 = Release|Any CPU
		{154C99AA-D91D-4760-B751-C19FCE67D171}.Debug|Any CPU.ActiveCfg = Debug|Any CPU
		{154C99AA-D91D-4760-B751-C19FCE67D171}.Debug|Any CPU.Build.0 = Debug|Any CPU
		{154C99AA-D91D-4760-B751-C19FCE67D171}.Release|Any CPU.ActiveCfg = Release|Any CPU
		{154C99AA-D91D-4760-B751-C19FCE67D171}.Release|Any CPU.Build.0 = Release|Any CPU
		{D7F92B45-8358-4C24-9A26-F590DDCBC81F}.Debug|Any CPU.ActiveCfg = Debug|Any CPU
		{D7F92B45-8358-4C24-9A26-F590DDCBC81F}.Debug|Any CPU.Build.0 = Debug|Any CPU
		{D7F92B45-8358-4C24-9A26-F590DDCBC81F}.Release|Any CPU.ActiveCfg = Release|Any CPU
		{D7F92B45-8358-4C24-9A26-F590DDCBC81F}.Release|Any CPU.Build.0 = Release|Any CPU
		{331A72FD-3FA7-40AA-9A42-C10F823E5464}.Debug|Any CPU.ActiveCfg = Debug|Any CPU
		{331A72FD-3FA7-40AA-9A42-C10F823E5464}.Debug|Any CPU.Build.0 = Debug|Any CPU
		{331A72FD-3FA7-40AA-9A42-C10F823E5464}.Release|Any CPU.ActiveCfg = Release|Any CPU
		{331A72FD-3FA7-40AA-9A42-C10F823E5464}.Release|Any CPU.Build.0 = Release|Any CPU
		{022EFF1E-AD8B-42FD-BC50-CE0D50EEAAC8}.Debug|Any CPU.ActiveCfg = Debug|Any CPU
		{022EFF1E-AD8B-42FD-BC50-CE0D50EEAAC8}.Debug|Any CPU.Build.0 = Debug|Any CPU
		{022EFF1E-AD8B-42FD-BC50-CE0D50EEAAC8}.Release|Any CPU.ActiveCfg = Release|Any CPU
		{022EFF1E-AD8B-42FD-BC50-CE0D50EEAAC8}.Release|Any CPU.Build.0 = Release|Any CPU
		{FF49F6C4-ECCA-49C4-BA65-73FC24224EAF}.Debug|Any CPU.ActiveCfg = Debug|Any CPU
		{FF49F6C4-ECCA-49C4-BA65-73FC24224EAF}.Debug|Any CPU.Build.0 = Debug|Any CPU
		{FF49F6C4-ECCA-49C4-BA65-73FC24224EAF}.Release|Any CPU.ActiveCfg = Release|Any CPU
		{FF49F6C4-ECCA-49C4-BA65-73FC24224EAF}.Release|Any CPU.Build.0 = Release|Any CPU
		{BD76C806-77C3-47E4-91C2-EBA8887F7DE2}.Debug|Any CPU.ActiveCfg = Debug|Any CPU
		{BD76C806-77C3-47E4-91C2-EBA8887F7DE2}.Debug|Any CPU.Build.0 = Debug|Any CPU
		{BD76C806-77C3-47E4-91C2-EBA8887F7DE2}.Release|Any CPU.ActiveCfg = Release|Any CPU
		{BD76C806-77C3-47E4-91C2-EBA8887F7DE2}.Release|Any CPU.Build.0 = Release|Any CPU
	EndGlobalSection
	GlobalSection(SolutionProperties) = preSolution
		HideSolutionNode = FALSE
	EndGlobalSection
EndGlobal
